
Microsoft Visual Studio Solution File, Format Version 12.00
# Visual Studio Version 16
VisualStudioVersion = 16.0.29418.71
MinimumVisualStudioVersion = 10.0.40219.1
Project("{FAE04EC0-301F-11D3-BF4B-00C04F79EFBC}") = "GameOfLife", "GameOfLife\GameOfLife.csproj", "{0E8F2358-4D10-4377-B787-8CFAA5466C94}"
EndProject
Project("{FAE04EC0-301F-11D3-BF4B-00C04F79EFBC}") = "GameOfLifeTests", "GameOfLifeTests\GameOfLifeTests.csproj", "{A4501C7D-AACC-42CB-8163-2E0AF14BF721}"
EndProject
Global
	GlobalSection(SolutionConfigurationPlatforms) = preSolution
		Debug|Any CPU = Debug|Any CPU
		Release|Any CPU = Release|Any CPU
	EndGlobalSection
	GlobalSection(ProjectConfigurationPlatforms) = postSolution
		{0E8F2358-4D10-4377-B787-8CFAA5466C94}.Debug|Any CPU.ActiveCfg = Debug|Any CPU
		{0E8F2358-4D10-4377-B787-8CFAA5466C94}.Debug|Any CPU.Build.0 = Debug|Any CPU
		{0E8F2358-4D10-4377-B787-8CFAA5466C94}.Release|Any CPU.ActiveCfg = Release|Any CPU
		{0E8F2358-4D10-4377-B787-8CFAA5466C94}.Release|Any CPU.Build.0 = Release|Any CPU
		{A4501C7D-AACC-42CB-8163-2E0AF14BF721}.Debug|Any CPU.ActiveCfg = Debug|Any CPU
		{A4501C7D-AACC-42CB-8163-2E0AF14BF721}.Debug|Any CPU.Build.0 = Debug|Any CPU
		{A4501C7D-AACC-42CB-8163-2E0AF14BF721}.Release|Any CPU.ActiveCfg = Release|Any CPU
		{A4501C7D-AACC-42CB-8163-2E0AF14BF721}.Release|Any CPU.Build.0 = Release|Any CPU
	EndGlobalSection
	GlobalSection(SolutionProperties) = preSolution
		HideSolutionNode = FALSE
	EndGlobalSection
	GlobalSection(ExtensibilityGlobals) = postSolution
		SolutionGuid = {3E5A0652-2643-4E4E-8952-87C2ABC200CE}
	EndGlobalSection
EndGlobal
